
Microsoft Visual Studio Solution File, Format Version 12.00
# Visual Studio Version 16
VisualStudioVersion = 16.0.30503.244
MinimumVisualStudioVersion = 10.0.40219.1
Project("{FAE04EC0-301F-11D3-BF4B-00C04F79EFBC}") = "ProductReviewManagementProject", "ProductReviewManagementProject.csproj", "{E4259C13-5331-4DEF-AB5C-302889F966BB}"
EndProject
Global
	GlobalSection(SolutionConfigurationPlatforms) = preSolution
		Debug|Any CPU = Debug|Any CPU
		Release|Any CPU = Release|Any CPU
	EndGlobalSection
	GlobalSection(ProjectConfigurationPlatforms) = postSolution
		{E4259C13-5331-4DEF-AB5C-302889F966BB}.Debug|Any CPU.ActiveCfg = Debug|Any CPU
		{E4259C13-5331-4DEF-AB5C-302889F966BB}.Debug|Any CPU.Build.0 = Debug|Any CPU
		{E4259C13-5331-4DEF-AB5C-302889F966BB}.Release|Any CPU.ActiveCfg = Release|Any CPU
		{E4259C13-5331-4DEF-AB5C-302889F966BB}.Release|Any CPU.Build.0 = Release|Any CPU
	EndGlobalSection
	GlobalSection(SolutionProperties) = preSolution
		HideSolutionNode = FALSE
	EndGlobalSection
	GlobalSection(ExtensibilityGlobals) = postSolution
		SolutionGuid = {F88607DF-8BBF-4083-89AA-395AFF918017}
	EndGlobalSection
EndGlobal
